
Microsoft Visual Studio Solution File, Format Version 12.00
# Visual Studio Version 16
VisualStudioVersion = 16.0.30907.101
MinimumVisualStudioVersion = 10.0.40219.1
Project("{FAE04EC0-301F-11D3-BF4B-00C04F79EFBC}") = "SampleCICDWebApplication", "SampleCICDWebApplication\SampleCICDWebApplication.csproj", "{A2DEFD4A-6466-48E2-AB38-CCE00ADB0BE2}"
EndProject
Global
	GlobalSection(SolutionConfigurationPlatforms) = preSolution
		Debug|Any CPU = Debug|Any CPU
		Release|Any CPU = Release|Any CPU
	EndGlobalSection
	GlobalSection(ProjectConfigurationPlatforms) = postSolution
		{A2DEFD4A-6466-48E2-AB38-CCE00ADB0BE2}.Debug|Any CPU.ActiveCfg = Debug|Any CPU
		{A2DEFD4A-6466-48E2-AB38-CCE00ADB0BE2}.Debug|Any CPU.Build.0 = Debug|Any CPU
		{A2DEFD4A-6466-48E2-AB38-CCE00ADB0BE2}.Release|Any CPU.ActiveCfg = Release|Any CPU
		{A2DEFD4A-6466-48E2-AB38-CCE00ADB0BE2}.Release|Any CPU.Build.0 = Release|Any CPU
	EndGlobalSection
	GlobalSection(SolutionProperties) = preSolution
		HideSolutionNode = FALSE
	EndGlobalSection
	GlobalSection(ExtensibilityGlobals) = postSolution
		SolutionGuid = {03BFA3A8-015A-4281-A3F8-42BDA65118A1}
	EndGlobalSection
EndGlobal
